
Microsoft Visual Studio Solution File, Format Version 12.00
# Visual Studio Version 17
VisualStudioVersion = 17.2.32505.173
MinimumVisualStudioVersion = 10.0.40219.1
Project("{FAE04EC0-301F-11D3-BF4B-00C04F79EFBC}") = "Lab9act1", "Lab9act1\Lab9act1.csproj", "{BB206D46-3282-443F-98DC-C0AF610849CE}"
EndProject
Global
	GlobalSection(SolutionConfigurationPlatforms) = preSolution
		Debug|Any CPU = Debug|Any CPU
		Release|Any CPU = Release|Any CPU
	EndGlobalSection
	GlobalSection(ProjectConfigurationPlatforms) = postSolution
		{BB206D46-3282-443F-98DC-C0AF610849CE}.Debug|Any CPU.ActiveCfg = Debug|Any CPU
		{BB206D46-3282-443F-98DC-C0AF610849CE}.Debug|Any CPU.Build.0 = Debug|Any CPU
		{BB206D46-3282-443F-98DC-C0AF610849CE}.Release|Any CPU.ActiveCfg = Release|Any CPU
		{BB206D46-3282-443F-98DC-C0AF610849CE}.Release|Any CPU.Build.0 = Release|Any CPU
	EndGlobalSection
	GlobalSection(SolutionProperties) = preSolution
		HideSolutionNode = FALSE
	EndGlobalSection
	GlobalSection(ExtensibilityGlobals) = postSolution
		SolutionGuid = {1CCBAE49-0609-4492-9EFE-D0AB367713B6}
	EndGlobalSection
EndGlobal
